// !$*UTF8*$!
{
	archiveVersion = 1;
	classes = {
	};
	objectVersion = 50;
	objects = {

/* Begin PBXBuildFile section */
		635D9474250A2CE9006F7465 /* AppDelegate.swift in Sources */ = {isa = PBXBuildFile; fileRef = 635D9473250A2CE9006F7465 /* AppDelegate.swift */; };
		635D9476250A2CE9006F7465 /* SceneDelegate.swift in Sources */ = {isa = PBXBuildFile; fileRef = 635D9475250A2CE9006F7465 /* SceneDelegate.swift */; };
		635D9478250A2CE9006F7465 /* ViewController.swift in Sources */ = {isa = PBXBuildFile; fileRef = 635D9477250A2CE9006F7465 /* ViewController.swift */; };
		635D947B250A2CE9006F7465 /* Main.storyboard in Resources */ = {isa = PBXBuildFile; fileRef = 635D9479250A2CE9006F7465 /* Main.storyboard */; };
		635D9480250A2CEC006F7465 /* Assets.xcassets in Resources */ = {isa = PBXBuildFile; fileRef = 635D947F250A2CEC006F7465 /* Assets.xcassets */; };
		635D9483250A2CEC006F7465 /* LaunchScreen.storyboard in Resources */ = {isa = PBXBuildFile; fileRef = 635D9481250A2CEC006F7465 /* LaunchScreen.storyboard */; };
		635D948E250A2CEC006F7465 /* MultipleQuestionAnswerTests.swift in Sources */ = {isa = PBXBuildFile; fileRef = 635D948D250A2CEC006F7465 /* MultipleQuestionAnswerTests.swift */; };
		635D9499250A2CEC006F7465 /* MultipleQuestionAnswerUITests.swift in Sources */ = {isa = PBXBuildFile; fileRef = 635D9498250A2CEC006F7465 /* MultipleQuestionAnswerUITests.swift */; };
		635D94A8250A2DEB006F7465 /* CheckBoxTableCell.swift in Sources */ = {isa = PBXBuildFile; fileRef = 635D94A6250A2DEB006F7465 /* CheckBoxTableCell.swift */; };
		635D94A9250A2DEB006F7465 /* CheckBoxTableCell.xib in Resources */ = {isa = PBXBuildFile; fileRef = 635D94A7250A2DEB006F7465 /* CheckBoxTableCell.xib */; };
		635D94AD250A3E44006F7465 /* RadioButtonTableCell.swift in Sources */ = {isa = PBXBuildFile; fileRef = 635D94AB250A3E44006F7465 /* RadioButtonTableCell.swift */; };
		635D94AE250A3E44006F7465 /* RadioButtonTableCell.xib in Resources */ = {isa = PBXBuildFile; fileRef = 635D94AC250A3E44006F7465 /* RadioButtonTableCell.xib */; };
		635D94B1250A448B006F7465 /* TextBoxTableCell.swift in Sources */ = {isa = PBXBuildFile; fileRef = 635D94AF250A448B006F7465 /* TextBoxTableCell.swift */; };
		635D94B2250A448B006F7465 /* TextBoxTableCell.xib in Resources */ = {isa = PBXBuildFile; fileRef = 635D94B0250A448B006F7465 /* TextBoxTableCell.xib */; };
		63A45637250A986D00193AD1 /* QuestionModel.swift in Sources */ = {isa = PBXBuildFile; fileRef = 63A45636250A986D00193AD1 /* QuestionModel.swift */; };
/* End PBXBuildFile section */

/* Begin PBXContainerItemProxy section */
		635D948A250A2CEC006F7465 /* PBXContainerItemProxy */ = {
			isa = PBXContainerItemProxy;
			containerPortal = 635D9468250A2CE9006F7465 /* Project object */;
			proxyType = 1;
			remoteGlobalIDString = 635D946F250A2CE9006F7465;
			remoteInfo = MultipleQuestionAnswer;
		};
		635D9495250A2CEC006F7465 /* PBXContainerItemProxy */ = {
			isa = PBXContainerItemProxy;
			containerPortal = 635D9468250A2CE9006F7465 /* Project object */;
			proxyType = 1;
			remoteGlobalIDString = 635D946F250A2CE9006F7465;
			remoteInfo = MultipleQuestionAnswer;
		};
/* End PBXContainerItemProxy section */

/* Begin PBXFileReference section */
		635D9470250A2CE9006F7465 /* MultipleQuestionAnswer.app */ = {isa = PBXFileReference; explicitFileType = wrapper.application; includeInIndex = 0; path = MultipleQuestionAnswer.app; sourceTree = BUILT_PRODUCTS_DIR; };
		635D9473250A2CE9006F7465 /* AppDelegate.swift */ = {isa = PBXFileReference; lastKnownFileType = sourcecode.swift; path = AppDelegate.swift; sourceTree = "<group>"; };
		635D9475250A2CE9006F7465 /* SceneDelegate.swift */ = {isa = PBXFileReference; lastKnownFileType = sourcecode.swift; path = SceneDelegate.swift; sourceTree = "<group>"; };
		635D9477250A2CE9006F7465 /* ViewController.swift */ = {isa = PBXFileReference; lastKnownFileType = sourcecode.swift; path = ViewController.swift; sourceTree = "<group>"; };
		635D947A250A2CE9006F7465 /* Base */ = {isa = PBXFileReference; lastKnownFileType = file.storyboard; name = Base; path = Base.lproj/Main.storyboard; sourceTree = "<group>"; };
		635D947F250A2CEC006F7465 /* Assets.xcassets */ = {isa = PBXFileReference; lastKnownFileType = folder.assetcatalog; path = Assets.xcassets; sourceTree = "<group>"; };
		635D9482250A2CEC006F7465 /* Base */ = {isa = PBXFileReference; lastKnownFileType = file.storyboard; name = Base; path = Base.lproj/LaunchScreen.storyboard; sourceTree = "<group>"; };
		635D9484250A2CEC006F7465 /* Info.plist */ = {isa = PBXFileReference; lastKnownFileType = text.plist.xml; path = Info.plist; sourceTree = "<group>"; };
		635D9489250A2CEC006F7465 /* MultipleQuestionAnswerTests.xctest */ = {isa = PBXFileReference; explicitFileType = wrapper.cfbundle; includeInIndex = 0; path = MultipleQuestionAnswerTests.xctest; sourceTree = BUILT_PRODUCTS_DIR; };
		635D948D250A2CEC006F7465 /* MultipleQuestionAnswerTests.swift */ = {isa = PBXFileReference; lastKnownFileType = sourcecode.swift; path = MultipleQuestionAnswerTests.swift; sourceTree = "<group>"; };
		635D948F250A2CEC006F7465 /* Info.plist */ = {isa = PBXFileReference; lastKnownFileType = text.plist.xml; path = Info.plist; sourceTree = "<group>"; };
		635D9494250A2CEC006F7465 /* MultipleQuestionAnswerUITests.xctest */ = {isa = PBXFileReference; explicitFileType = wrapper.cfbundle; includeInIndex = 0; path = MultipleQuestionAnswerUITests.xctest; sourceTree = BUILT_PRODUCTS_DIR; };
		635D9498250A2CEC006F7465 /* MultipleQuestionAnswerUITests.swift */ = {isa = PBXFileReference; lastKnownFileType = sourcecode.swift; path = MultipleQuestionAnswerUITests.swift; sourceTree = "<group>"; };
		635D949A250A2CEC006F7465 /* Info.plist */ = {isa = PBXFileReference; lastKnownFileType = text.plist.xml; path = Info.plist; sourceTree = "<group>"; };
		635D94A6250A2DEB006F7465 /* CheckBoxTableCell.swift */ = {isa = PBXFileReference; lastKnownFileType = sourcecode.swift; path = CheckBoxTableCell.swift; sourceTree = "<group>"; };
		635D94A7250A2DEB006F7465 /* CheckBoxTableCell.xib */ = {isa = PBXFileReference; lastKnownFileType = file.xib; path = CheckBoxTableCell.xib; sourceTree = "<group>"; };
		635D94AB250A3E44006F7465 /* RadioButtonTableCell.swift */ = {isa = PBXFileReference; lastKnownFileType = sourcecode.swift; path = RadioButtonTableCell.swift; sourceTree = "<group>"; };
		635D94AC250A3E44006F7465 /* RadioButtonTableCell.xib */ = {isa = PBXFileReference; lastKnownFileType = file.xib; path = RadioButtonTableCell.xib; sourceTree = "<group>"; };
		635D94AF250A448B006F7465 /* TextBoxTableCell.swift */ = {isa = PBXFileReference; lastKnownFileType = sourcecode.swift; path = TextBoxTableCell.swift; sourceTree = "<group>"; };
		635D94B0250A448B006F7465 /* TextBoxTableCell.xib */ = {isa = PBXFileReference; lastKnownFileType = file.xib; path = TextBoxTableCell.xib; sourceTree = "<group>"; };
		63A45636250A986D00193AD1 /* QuestionModel.swift */ = {isa = PBXFileReference; lastKnownFileType = sourcecode.swift; path = QuestionModel.swift; sourceTree = "<group>"; };
/* End PBXFileReference section */

/* Begin PBXFrameworksBuildPhase section */
		635D946D250A2CE9006F7465 /* Frameworks */ = {
			isa = PBXFrameworksBuildPhase;
			buildActionMask = 2147483647;
			files = (
			);
			runOnlyForDeploymentPostprocessing = 0;
		};
		635D9486250A2CEC006F7465 /* Frameworks */ = {
			isa = PBXFrameworksBuildPhase;
			buildActionMask = 2147483647;
			files = (
			);
			runOnlyForDeploymentPostprocessing = 0;
		};
		635D9491250A2CEC006F7465 /* Frameworks */ = {
			isa = PBXFrameworksBuildPhase;
			buildActionMask = 2147483647;
			files = (
			);
			runOnlyForDeploymentPostprocessing = 0;
		};
/* End PBXFrameworksBuildPhase section */

/* Begin PBXGroup section */
		635D9467250A2CE9006F7465 = {
			isa = PBXGroup;
			children = (
				635D9472250A2CE9006F7465 /* MultipleQuestionAnswer */,
				635D948C250A2CEC006F7465 /* MultipleQuestionAnswerTests */,
				635D9497250A2CEC006F7465 /* MultipleQuestionAnswerUITests */,
				635D9471250A2CE9006F7465 /* Products */,
			);
			sourceTree = "<group>";
		};
		635D9471250A2CE9006F7465 /* Products */ = {
			isa = PBXGroup;
			children = (
				635D9470250A2CE9006F7465 /* MultipleQuestionAnswer.app */,
				635D9489250A2CEC006F7465 /* MultipleQuestionAnswerTests.xctest */,
				635D9494250A2CEC006F7465 /* MultipleQuestionAnswerUITests.xctest */,
			);
			name = Products;
			sourceTree = "<group>";
		};
		635D9472250A2CE9006F7465 /* MultipleQuestionAnswer */ = {
			isa = PBXGroup;
			children = (
				635D9473250A2CE9006F7465 /* AppDelegate.swift */,
				635D9475250A2CE9006F7465 /* SceneDelegate.swift */,
				63A4563A250B6DBE00193AD1 /* Views */,
				63A45639250B6DB800193AD1 /* Model */,
				63A45638250B6DAC00193AD1 /* Controllers */,
				63A4563B250B6DE200193AD1 /* CustomCells */,
				635D947F250A2CEC006F7465 /* Assets.xcassets */,
				635D9481250A2CEC006F7465 /* LaunchScreen.storyboard */,
				635D9484250A2CEC006F7465 /* Info.plist */,
			);
			path = MultipleQuestionAnswer;
			sourceTree = "<group>";
		};
		635D948C250A2CEC006F7465 /* MultipleQuestionAnswerTests */ = {
			isa = PBXGroup;
			children = (
				635D948D250A2CEC006F7465 /* MultipleQuestionAnswerTests.swift */,
				635D948F250A2CEC006F7465 /* Info.plist */,
			);
			path = MultipleQuestionAnswerTests;
			sourceTree = "<group>";
		};
		635D9497250A2CEC006F7465 /* MultipleQuestionAnswerUITests */ = {
			isa = PBXGroup;
			children = (
				635D9498250A2CEC006F7465 /* MultipleQuestionAnswerUITests.swift */,
				635D949A250A2CEC006F7465 /* Info.plist */,
			);
			path = MultipleQuestionAnswerUITests;
			sourceTree = "<group>";
		};
		635D94AA250A3E1E006F7465 /* TableViewCells */ = {
			isa = PBXGroup;
			children = (
				635D94A6250A2DEB006F7465 /* CheckBoxTableCell.swift */,
				635D94A7250A2DEB006F7465 /* CheckBoxTableCell.xib */,
				635D94AB250A3E44006F7465 /* RadioButtonTableCell.swift */,
				635D94AC250A3E44006F7465 /* RadioButtonTableCell.xib */,
				635D94AF250A448B006F7465 /* TextBoxTableCell.swift */,
				635D94B0250A448B006F7465 /* TextBoxTableCell.xib */,
			);
			path = TableViewCells;
			sourceTree = "<group>";
		};
		63A45638250B6DAC00193AD1 /* Controllers */ = {
			isa = PBXGroup;
			children = (
				635D9477250A2CE9006F7465 /* ViewController.swift */,
			);
			path = Controllers;
			sourceTree = "<group>";
		};
		63A45639250B6DB800193AD1 /* Model */ = {
			isa = PBXGroup;
			children = (
				63A45636250A986D00193AD1 /* QuestionModel.swift */,
			);
			path = Model;
			sourceTree = "<group>";
		};
		63A4563A250B6DBE00193AD1 /* Views */ = {
			isa = PBXGroup;
			children = (
				635D9479250A2CE9006F7465 /* Main.storyboard */,
			);
			path = Views;
			sourceTree = "<group>";
		};
		63A4563B250B6DE200193AD1 /* CustomCells */ = {
			isa = PBXGroup;
			children = (
				635D94AA250A3E1E006F7465 /* TableViewCells */,
			);
			path = CustomCells;
			sourceTree = "<group>";
		};
/* End PBXGroup section */

/* Begin PBXNativeTarget section */
		635D946F250A2CE9006F7465 /* MultipleQuestionAnswer */ = {
			isa = PBXNativeTarget;
			buildConfigurationList = 635D949D250A2CEC006F7465 /* Build configuration list for PBXNativeTarget "MultipleQuestionAnswer" */;
			buildPhases = (
				635D946C250A2CE9006F7465 /* Sources */,
				635D946D250A2CE9006F7465 /* Frameworks */,
				635D946E250A2CE9006F7465 /* Resources */,
			);
			buildRules = (
			);
			dependencies = (
			);
			name = MultipleQuestionAnswer;
			productName = MultipleQuestionAnswer;
			productReference = 635D9470250A2CE9006F7465 /* MultipleQuestionAnswer.app */;
			productType = "com.apple.product-type.application";
		};
		635D9488250A2CEC006F7465 /* MultipleQuestionAnswerTests */ = {
			isa = PBXNativeTarget;
			buildConfigurationList = 635D94A0250A2CEC006F7465 /* Build configuration list for PBXNativeTarget "MultipleQuestionAnswerTests" */;
			buildPhases = (
				635D9485250A2CEC006F7465 /* Sources */,
				635D9486250A2CEC006F7465 /* Frameworks */,
				635D9487250A2CEC006F7465 /* Resources */,
			);
			buildRules = (
			);
			dependencies = (
				635D948B250A2CEC006F7465 /* PBXTargetDependency */,
			);
			name = MultipleQuestionAnswerTests;
			productName = MultipleQuestionAnswerTests;
			productReference = 635D9489250A2CEC006F7465 /* MultipleQuestionAnswerTests.xctest */;
			productType = "com.apple.product-type.bundle.unit-test";
		};
		635D9493250A2CEC006F7465 /* MultipleQuestionAnswerUITests */ = {
			isa = PBXNativeTarget;
			buildConfigurationList = 635D94A3250A2CEC006F7465 /* Build configuration list for PBXNativeTarget "MultipleQuestionAnswerUITests" */;
			buildPhases = (
				635D9490250A2CEC006F7465 /* Sources */,
				635D9491250A2CEC006F7465 /* Frameworks */,
				635D9492250A2CEC006F7465 /* Resources */,
			);
			buildRules = (
			);
			dependencies = (
				635D9496250A2CEC006F7465 /* PBXTargetDependency */,
			);
			name = MultipleQuestionAnswerUITests;
			productName = MultipleQuestionAnswerUITests;
			productReference = 635D9494250A2CEC006F7465 /* MultipleQuestionAnswerUITests.xctest */;
			productType = "com.apple.product-type.bundle.ui-testing";
		};
/* End PBXNativeTarget section */

/* Begin PBXProject section */
		635D9468250A2CE9006F7465 /* Project object */ = {
			isa = PBXProject;
			attributes = {
				LastSwiftUpdateCheck = 1160;
				LastUpgradeCheck = 1160;
				ORGANIZATIONNAME = Nived;
				TargetAttributes = {
					635D946F250A2CE9006F7465 = {
						CreatedOnToolsVersion = 11.6;
					};
					635D9488250A2CEC006F7465 = {
						CreatedOnToolsVersion = 11.6;
						TestTargetID = 635D946F250A2CE9006F7465;
					};
					635D9493250A2CEC006F7465 = {
						CreatedOnToolsVersion = 11.6;
						TestTargetID = 635D946F250A2CE9006F7465;
					};
				};
			};
			buildConfigurationList = 635D946B250A2CE9006F7465 /* Build configuration list for PBXProject "MultipleQuestionAnswer" */;
			compatibilityVersion = "Xcode 9.3";
			developmentRegion = en;
			hasScannedForEncodings = 0;
			knownRegions = (
				en,
				Base,
			);
			mainGroup = 635D9467250A2CE9006F7465;
			productRefGroup = 635D9471250A2CE9006F7465 /* Products */;
			projectDirPath = "";
			projectRoot = "";
			targets = (
				635D946F250A2CE9006F7465 /* MultipleQuestionAnswer */,
				635D9488250A2CEC006F7465 /* MultipleQuestionAnswerTests */,
				635D9493250A2CEC006F7465 /* MultipleQuestionAnswerUITests */,
			);
		};
/* End PBXProject section */

/* Begin PBXResourcesBuildPhase section */
		635D946E250A2CE9006F7465 /* Resources */ = {
			isa = PBXResourcesBuildPhase;
			buildActionMask = 2147483647;
			files = (
				635D9483250A2CEC006F7465 /* LaunchScreen.storyboard in Resources */,
				635D94B2250A448B006F7465 /* TextBoxTableCell.xib in Resources */,
				635D94AE250A3E44006F7465 /* RadioButtonTableCell.xib in Resources */,
				635D94A9250A2DEB006F7465 /* CheckBoxTableCell.xib in Resources */,
				635D9480250A2CEC006F7465 /* Assets.xcassets in Resources */,
				635D947B250A2CE9006F7465 /* Main.storyboard in Resources */,
			);
			runOnlyForDeploymentPostprocessing = 0;
		};
		635D9487250A2CEC006F7465 /* Resources */ = {
			isa = PBXResourcesBuildPhase;
			buildActionMask = 2147483647;
			files = (
			);
			runOnlyForDeploymentPostprocessing = 0;
		};
		635D9492250A2CEC006F7465 /* Resources */ = {
			isa = PBXResourcesBuildPhase;
			buildActionMask = 2147483647;
			files = (
			);
			runOnlyForDeploymentPostprocessing = 0;
		};
/* End PBXResourcesBuildPhase section */

/* Begin PBXSourcesBuildPhase section */
		635D946C250A2CE9006F7465 /* Sources */ = {
			isa = PBXSourcesBuildPhase;
			buildActionMask = 2147483647;
			files = (
				635D9478250A2CE9006F7465 /* ViewController.swift in Sources */,
				635D94B1250A448B006F7465 /* TextBoxTableCell.swift in Sources */,
				635D94A8250A2DEB006F7465 /* CheckBoxTableCell.swift in Sources */,
				635D94AD250A3E44006F7465 /* RadioButtonTableCell.swift in Sources */,
				635D9474250A2CE9006F7465 /* AppDelegate.swift in Sources */,
				635D9476250A2CE9006F7465 /* SceneDelegate.swift in Sources */,
				63A45637250A986D00193AD1 /* QuestionModel.swift in Sources */,
			);
			runOnlyForDeploymentPostprocessing = 0;
		};
		635D9485250A2CEC006F7465 /* Sources */ = {
			isa = PBXSourcesBuildPhase;
			buildActionMask = 2147483647;
			files = (
				635D948E250A2CEC006F7465 /* MultipleQuestionAnswerTests.swift in Sources */,
			);
			runOnlyForDeploymentPostprocessing = 0;
		};
		635D9490250A2CEC006F7465 /* Sources */ = {
			isa = PBXSourcesBuildPhase;
			buildActionMask = 2147483647;
			files = (
				635D9499250A2CEC006F7465 /* MultipleQuestionAnswerUITests.swift in Sources */,
			);
			runOnlyForDeploymentPostprocessing = 0;
		};
/* End PBXSourcesBuildPhase section */

/* Begin PBXTargetDependency section */
		635D948B250A2CEC006F7465 /* PBXTargetDependency */ = {
			isa = PBXTargetDependency;
			target = 635D946F250A2CE9006F7465 /* MultipleQuestionAnswer */;
			targetProxy = 635D948A250A2CEC006F7465 /* PBXContainerItemProxy */;
		};
		635D9496250A2CEC006F7465 /* PBXTargetDependency */ = {
			isa = PBXTargetDependency;
			target = 635D946F250A2CE9006F7465 /* MultipleQuestionAnswer */;
			targetProxy = 635D9495250A2CEC006F7465 /* PBXContainerItemProxy */;
		};
/* End PBXTargetDependency section */

/* Begin PBXVariantGroup section */
		635D9479250A2CE9006F7465 /* Main.storyboard */ = {
			isa = PBXVariantGroup;
			children = (
				635D947A250A2CE9006F7465 /* Base */,
			);
			name = Main.storyboard;
			sourceTree = "<group>";
		};
		635D9481250A2CEC006F7465 /* LaunchScreen.storyboard */ = {
			isa = PBXVariantGroup;
			children = (
				635D9482250A2CEC006F7465 /* Base */,
			);
			name = LaunchScreen.storyboard;
			sourceTree = "<group>";
		};
/* End PBXVariantGroup section */

/* Begin XCBuildConfiguration section */
		635D949B250A2CEC006F7465 /* Debug */ = {
			isa = XCBuildConfiguration;
			buildSettings = {
				ALWAYS_SEARCH_USER_PATHS = NO;
				CLANG_ANALYZER_NONNULL = YES;
				CLANG_ANALYZER_NUMBER_OBJECT_CONVERSION = YES_AGGRESSIVE;
				CLANG_CXX_LANGUAGE_STANDARD = "gnu++14";
				CLANG_CXX_LIBRARY = "libc++";
				CLANG_ENABLE_MODULES = YES;
				CLANG_ENABLE_OBJC_ARC = YES;
				CLANG_ENABLE_OBJC_WEAK = YES;
				CLANG_WARN_BLOCK_CAPTURE_AUTORELEASING = YES;
				CLANG_WARN_BOOL_CONVERSION = YES;
				CLANG_WARN_COMMA = YES;
				CLANG_WARN_CONSTANT_CONVERSION = YES;
				CLANG_WARN_DEPRECATED_OBJC_IMPLEMENTATIONS = YES;
				CLANG_WARN_DIRECT_OBJC_ISA_USAGE = YES_ERROR;
				CLANG_WARN_DOCUMENTATION_COMMENTS = YES;
				CLANG_WARN_EMPTY_BODY = YES;
				CLANG_WARN_ENUM_CONVERSION = YES;
				CLANG_WARN_INFINITE_RECURSION = YES;
				CLANG_WARN_INT_CONVERSION = YES;
				CLANG_WARN_NON_LITERAL_NULL_CONVERSION = YES;
				CLANG_WARN_OBJC_IMPLICIT_RETAIN_SELF = YES;
				CLANG_WARN_OBJC_LITERAL_CONVERSION = YES;
				CLANG_WARN_OBJC_ROOT_CLASS = YES_ERROR;
				CLANG_WARN_RANGE_LOOP_ANALYSIS = YES;
				CLANG_WARN_STRICT_PROTOTYPES = YES;
				CLANG_WARN_SUSPICIOUS_MOVE = YES;
				CLANG_WARN_UNGUARDED_AVAILABILITY = YES_AGGRESSIVE;
				CLANG_WARN_UNREACHABLE_CODE = YES;
				CLANG_WARN__DUPLICATE_METHOD_MATCH = YES;
				COPY_PHASE_STRIP = NO;
				DEBUG_INFORMATION_FORMAT = dwarf;
				ENABLE_STRICT_OBJC_MSGSEND = YES;
				ENABLE_TESTABILITY = YES;
				GCC_C_LANGUAGE_STANDARD = gnu11;
				GCC_DYNAMIC_NO_PIC = NO;
				GCC_NO_COMMON_BLOCKS = YES;
				GCC_OPTIMIZATION_LEVEL = 0;
				GCC_PREPROCESSOR_DEFINITIONS = (
					"DEBUG=1",
					"$(inherited)",
				);
				GCC_WARN_64_TO_32_BIT_CONVERSION = YES;
				GCC_WARN_ABOUT_RETURN_TYPE = YES_ERROR;
				GCC_WARN_UNDECLARED_SELECTOR = YES;
				GCC_WARN_UNINITIALIZED_AUTOS = YES_AGGRESSIVE;
				GCC_WARN_UNUSED_FUNCTION = YES;
				GCC_WARN_UNUSED_VARIABLE = YES;
				IPHONEOS_DEPLOYMENT_TARGET = 13.6;
				MTL_ENABLE_DEBUG_INFO = INCLUDE_SOURCE;
				MTL_FAST_MATH = YES;
				ONLY_ACTIVE_ARCH = YES;
				SDKROOT = iphoneos;
				SWIFT_ACTIVE_COMPILATION_CONDITIONS = DEBUG;
				SWIFT_OPTIMIZATION_LEVEL = "-Onone";
			};
			name = Debug;
		};
		635D949C250A2CEC006F7465 /* Release */ = {
			isa = XCBuildConfiguration;
			buildSettings = {
				ALWAYS_SEARCH_USER_PATHS = NO;
				CLANG_ANALYZER_NONNULL = YES;
				CLANG_ANALYZER_NUMBER_OBJECT_CONVERSION = YES_AGGRESSIVE;
				CLANG_CXX_LANGUAGE_STANDARD = "gnu++14";
				CLANG_CXX_LIBRARY = "libc++";
				CLANG_ENABLE_MODULES = YES;
				CLANG_ENABLE_OBJC_ARC = YES;
				CLANG_ENABLE_OBJC_WEAK = YES;
				CLANG_WARN_BLOCK_CAPTURE_AUTORELEASING = YES;
				CLANG_WARN_BOOL_CONVERSION = YES;
				CLANG_WARN_COMMA = YES;
				CLANG_WARN_CONSTANT_CONVERSION = YES;
				CLANG_WARN_DEPRECATED_OBJC_IMPLEMENTATIONS = YES;
				CLANG_WARN_DIRECT_OBJC_ISA_USAGE = YES_ERROR;
				CLANG_WARN_DOCUMENTATION_COMMENTS = YES;
				CLANG_WARN_EMPTY_BODY = YES;
				CLANG_WARN_ENUM_CONVERSION = YES;
				CLANG_WARN_INFINITE_RECURSION = YES;
				CLANG_WARN_INT_CONVERSION = YES;
				CLANG_WARN_NON_LITERAL_NULL_CONVERSION = YES;
				CLANG_WARN_OBJC_IMPLICIT_RETAIN_SELF = YES;
				CLANG_WARN_OBJC_LITERAL_CONVERSION = YES;
				CLANG_WARN_OBJC_ROOT_CLASS = YES_ERROR;
				CLANG_WARN_RANGE_LOOP_ANALYSIS = YES;
				CLANG_WARN_STRICT_PROTOTYPES = YES;
				CLANG_WARN_SUSPICIOUS_MOVE = YES;
				CLANG_WARN_UNGUARDED_AVAILABILITY = YES_AGGRESSIVE;
				CLANG_WARN_UNREACHABLE_CODE = YES;
				CLANG_WARN__DUPLICATE_METHOD_MATCH = YES;
				COPY_PHASE_STRIP = NO;
				DEBUG_INFORMATION_FORMAT = "dwarf-with-dsym";
				ENABLE_NS_ASSERTIONS = NO;
				ENABLE_STRICT_OBJC_MSGSEND = YES;
				GCC_C_LANGUAGE_STANDARD = gnu11;
				GCC_NO_COMMON_BLOCKS = YES;
				GCC_WARN_64_TO_32_BIT_CONVERSION = YES;
				GCC_WARN_ABOUT_RETURN_TYPE = YES_ERROR;
				GCC_WARN_UNDECLARED_SELECTOR = YES;
				GCC_WARN_UNINITIALIZED_AUTOS = YES_AGGRESSIVE;
				GCC_WARN_UNUSED_FUNCTION = YES;
				GCC_WARN_UNUSED_VARIABLE = YES;
				IPHONEOS_DEPLOYMENT_TARGET = 13.6;
				MTL_ENABLE_DEBUG_INFO = NO;
				MTL_FAST_MATH = YES;
				SDKROOT = iphoneos;
				SWIFT_COMPILATION_MODE = wholemodule;
				SWIFT_OPTIMIZATION_LEVEL = "-O";
				VALIDATE_PRODUCT = YES;
			};
			name = Release;
		};
		635D949E250A2CEC006F7465 /* Debug */ = {
			isa = XCBuildConfiguration;
			buildSettings = {
				ASSETCATALOG_COMPILER_APPICON_NAME = AppIcon;
				CODE_SIGN_STYLE = Automatic;
				INFOPLIST_FILE = MultipleQuestionAnswer/Info.plist;
				LD_RUNPATH_SEARCH_PATHS = (
					"$(inherited)",
					"@executable_path/Frameworks",
				);
				PRODUCT_BUNDLE_IDENTIFIER = com.Nived.MultipleQuestionAnswer;
				PRODUCT_NAME = "$(TARGET_NAME)";
				SWIFT_VERSION = 5.0;
				TARGETED_DEVICE_FAMILY = "1,2";
			};
			name = Debug;
		};
		635D949F250A2CEC006F7465 /* Release */ = {
			isa = XCBuildConfiguration;
			buildSettings = {
				ASSETCATALOG_COMPILER_APPICON_NAME = AppIcon;
				CODE_SIGN_STYLE = Automatic;
				INFOPLIST_FILE = MultipleQuestionAnswer/Info.plist;
				LD_RUNPATH_SEARCH_PATHS = (
					"$(inherited)",
					"@executable_path/Frameworks",
				);
				PRODUCT_BUNDLE_IDENTIFIER = com.Nived.MultipleQuestionAnswer;
				PRODUCT_NAME = "$(TARGET_NAME)";
				SWIFT_VERSION = 5.0;
				TARGETED_DEVICE_FAMILY = "1,2";
			};
			name = Release;
		};
		635D94A1250A2CEC006F7465 /* Debug */ = {
			isa = XCBuildConfiguration;
			buildSettings = {
				ALWAYS_EMBED_SWIFT_STANDARD_LIBRARIES = YES;
				BUNDLE_LOADER = "$(TEST_HOST)";
				CODE_SIGN_STYLE = Automatic;
				INFOPLIST_FILE = MultipleQuestionAnswerTests/Info.plist;
				IPHONEOS_DEPLOYMENT_TARGET = 13.6;
				LD_RUNPATH_SEARCH_PATHS = (
					"$(inherited)",
					"@executable_path/Frameworks",
					"@loader_path/Frameworks",
				);
				PRODUCT_BUNDLE_IDENTIFIER = com.Nived.MultipleQuestionAnswerTests;
				PRODUCT_NAME = "$(TARGET_NAME)";
				SWIFT_VERSION = 5.0;
				TARGETED_DEVICE_FAMILY = "1,2";
				TEST_HOST = "$(BUILT_PRODUCTS_DIR)/MultipleQuestionAnswer.app/MultipleQuestionAnswer";
			};
			name = Debug;
		};
		635D94A2250A2CEC006F7465 /* Release */ = {
			isa = XCBuildConfiguration;
			buildSettings = {
				ALWAYS_EMBED_SWIFT_STANDARD_LIBRARIES = YES;
				BUNDLE_LOADER = "$(TEST_HOST)";
				CODE_SIGN_STYLE = Automatic;
				INFOPLIST_FILE = MultipleQuestionAnswerTests/Info.plist;
				IPHONEOS_DEPLOYMENT_TARGET = 13.6;
				LD_RUNPATH_SEARCH_PATHS = (
					"$(inherited)",
					"@executable_path/Frameworks",
					"@loader_path/Frameworks",
				);
				PRODUCT_BUNDLE_IDENTIFIER = com.Nived.MultipleQuestionAnswerTests;
				PRODUCT_NAME = "$(TARGET_NAME)";
				SWIFT_VERSION = 5.0;
				TARGETED_DEVICE_FAMILY = "1,2";
				TEST_HOST = "$(BUILT_PRODUCTS_DIR)/MultipleQuestionAnswer.app/MultipleQuestionAnswer";
			};
			name = Release;
		};
		635D94A4250A2CEC006F7465 /* Debug */ = {
			isa = XCBuildConfiguration;
			buildSettings = {
				ALWAYS_EMBED_SWIFT_STANDARD_LIBRARIES = YES;
				CODE_SIGN_STYLE = Automatic;
				INFOPLIST_FILE = MultipleQuestionAnswerUITests/Info.plist;
				LD_RUNPATH_SEARCH_PATHS = (
					"$(inherited)",
					"@executable_path/Frameworks",
					"@loader_path/Frameworks",
				);
				PRODUCT_BUNDLE_IDENTIFIER = com.Nived.MultipleQuestionAnswerUITests;
				PRODUCT_NAME = "$(TARGET_NAME)";
				SWIFT_VERSION = 5.0;
				TARGETED_DEVICE_FAMILY = "1,2";
				TEST_TARGET_NAME = MultipleQuestionAnswer;
			};
			name = Debug;
		};
		635D94A5250A2CEC006F7465 /* Release */ = {
			isa = XCBuildConfiguration;
			buildSettings = {
				ALWAYS_EMBED_SWIFT_STANDARD_LIBRARIES = YES;
				CODE_SIGN_STYLE = Automatic;
				INFOPLIST_FILE = MultipleQuestionAnswerUITests/Info.plist;
				LD_RUNPATH_SEARCH_PATHS = (
					"$(inherited)",
					"@executable_path/Frameworks",
					"@loader_path/Frameworks",
				);
				PRODUCT_BUNDLE_IDENTIFIER = com.Nived.MultipleQuestionAnswerUITests;
				PRODUCT_NAME = "$(TARGET_NAME)";
				SWIFT_VERSION = 5.0;
				TARGETED_DEVICE_FAMILY = "1,2";
				TEST_TARGET_NAME = MultipleQuestionAnswer;
			};
			name = Release;
		};
/* End XCBuildConfiguration section */

/* Begin XCConfigurationList section */
		635D946B250A2CE9006F7465 /* Build configuration list for PBXProject "MultipleQuestionAnswer" */ = {
			isa = XCConfigurationList;
			buildConfigurations = (
				635D949B250A2CEC006F7465 /* Debug */,
				635D949C250A2CEC006F7465 /* Release */,
			);
			defaultConfigurationIsVisible = 0;
			defaultConfigurationName = Release;
		};
		635D949D250A2CEC006F7465 /* Build configuration list for PBXNativeTarget "MultipleQuestionAnswer" */ = {
			isa = XCConfigurationList;
			buildConfigurations = (
				635D949E250A2CEC006F7465 /* Debug */,
				635D949F250A2CEC006F7465 /* Release */,
			);
			defaultConfigurationIsVisible = 0;
			defaultConfigurationName = Release;
		};
		635D94A0250A2CEC006F7465 /* Build configuration list for PBXNativeTarget "MultipleQuestionAnswerTests" */ = {
			isa = XCConfigurationList;
			buildConfigurations = (
				635D94A1250A2CEC006F7465 /* Debug */,
				635D94A2250A2CEC006F7465 /* Release */,
			);
			defaultConfigurationIsVisible = 0;
			defaultConfigurationName = Release;
		};
		635D94A3250A2CEC006F7465 /* Build configuration list for PBXNativeTarget "MultipleQuestionAnswerUITests" */ = {
			isa = XCConfigurationList;
			buildConfigurations = (
				635D94A4250A2CEC006F7465 /* Debug */,
				635D94A5250A2CEC006F7465 /* Release */,
			);
			defaultConfigurationIsVisible = 0;
			defaultConfigurationName = Release;
		};
/* End XCConfigurationList section */
	};
	rootObject = 635D9468250A2CE9006F7465 /* Project object */;
}
